
Microsoft Visual Studio Solution File, Format Version 12.00
# Visual Studio Version 17
VisualStudioVersion = 17.0.31903.59
MinimumVisualStudioVersion = 10.0.40219.1
Project("{2150E333-8FDC-42A3-9474-1A3956D46DE8}") = "src", "src", "{827E0CD3-B72D-47B6-A68D-7590B98EB39B}"
EndProject
Project("{FAE04EC0-301F-11D3-BF4B-00C04F79EFBC}") = "App.Api", "src\App.Api\App.Api.csproj", "{8838F8A7-4F45-43CA-872F-8C4B67ABF7D3}"
EndProject
Project("{2150E333-8FDC-42A3-9474-1A3956D46DE8}") = "BuildingBlocks", "BuildingBlocks", "{90298CBA-BD6F-3A0A-69D5-97CAD7B05E7E}"
EndProject
Project("{2150E333-8FDC-42A3-9474-1A3956D46DE8}") = "SharedKernel", "SharedKernel", "{29198B4F-BA60-D483-6723-7BD064451595}"
EndProject
Project("{FAE04EC0-301F-11D3-BF4B-00C04F79EFBC}") = "BuildingBlocks.SharedKernel", "src\BuildingBlocks\SharedKernel\BuildingBlocks.SharedKernel.csproj", "{E807A56F-5C49-4474-B4D8-1F60FCBA1056}"
EndProject
Project("{2150E333-8FDC-42A3-9474-1A3956D46DE8}") = "Contracts", "Contracts", "{6A36946C-4F06-BE70-24E6-0B0F125A7F9F}"
EndProject
Project("{FAE04EC0-301F-11D3-BF4B-00C04F79EFBC}") = "BuildingBlocks.Contracts", "src\BuildingBlocks\Contracts\BuildingBlocks.Contracts.csproj", "{9CE8FF92-DF17-4F94-AA3C-BD9330248DD0}"
EndProject
Project("{2150E333-8FDC-42A3-9474-1A3956D46DE8}") = "Infrastructure", "Infrastructure", "{A7446B4C-3630-9B3B-F288-1F78CD1B2B87}"
EndProject
Project("{FAE04EC0-301F-11D3-BF4B-00C04F79EFBC}") = "BuildingBlocks.Infrastructure", "src\BuildingBlocks\Infrastructure\BuildingBlocks.Infrastructure.csproj", "{882EA777-2A59-4F5E-BE4C-E5510110407A}"
EndProject
Project("{FAE04EC0-301F-11D3-BF4B-00C04F79EFBC}") = "App.Worker", "src\App.Worker\App.Worker.csproj", "{4F2D0EF2-690F-4ED0-A4C4-B1430AAB30EE}"
EndProject
Project("{FAE04EC0-301F-11D3-BF4B-00C04F79EFBC}") = "App.Web", "src\App.Web\App.Web.csproj", "{68E5A2DF-F9F7-4035-AC85-1C500E7FB89F}"
EndProject
Project("{FAE04EC0-301F-11D3-BF4B-00C04F79EFBC}") = "App.UI.Shared", "src\App.UI.Shared\App.UI.Shared.csproj", "{0919419D-4BF1-4EA6-B4F8-6C01F5E08236}"
EndProject
Project("{FAE04EC0-301F-11D3-BF4B-00C04F79EFBC}") = "App.Mobile.Android", "src\App.Mobile.Android\App.Mobile.Android.csproj", "{429F221F-39D0-409F-9177-FBCC7F17F232}"
EndProject
Project("{2150E333-8FDC-42A3-9474-1A3956D46DE8}") = "Modules", "Modules", "{EC447DCF-ABFA-6E24-52A5-D7FD48A5C558}"
EndProject
Project("{2150E333-8FDC-42A3-9474-1A3956D46DE8}") = "Auth", "Auth", "{E9D55F35-C373-3DD8-6914-3213F2F582A2}"
EndProject
Project("{FAE04EC0-301F-11D3-BF4B-00C04F79EFBC}") = "Modules.Auth", "src\Modules\Auth\Modules.Auth.csproj", "{CDA0C43E-3DB9-402F-AC73-60EC786326DA}"
EndProject
Global
	GlobalSection(SolutionConfigurationPlatforms) = preSolution
		Debug|Any CPU = Debug|Any CPU
		Debug|x64 = Debug|x64
		Debug|x86 = Debug|x86
		Release|Any CPU = Release|Any CPU
		Release|x64 = Release|x64
		Release|x86 = Release|x86
	EndGlobalSection
	GlobalSection(ProjectConfigurationPlatforms) = postSolution
		{8838F8A7-4F45-43CA-872F-8C4B67ABF7D3}.Debug|Any CPU.ActiveCfg = Debug|Any CPU
		{8838F8A7-4F45-43CA-872F-8C4B67ABF7D3}.Debug|Any CPU.Build.0 = Debug|Any CPU
		{8838F8A7-4F45-43CA-872F-8C4B67ABF7D3}.Debug|x64.ActiveCfg = Debug|Any CPU
		{8838F8A7-4F45-43CA-872F-8C4B67ABF7D3}.Debug|x64.Build.0 = Debug|Any CPU
		{8838F8A7-4F45-43CA-872F-8C4B67ABF7D3}.Debug|x86.ActiveCfg = Debug|Any CPU
		{8838F8A7-4F45-43CA-872F-8C4B67ABF7D3}.Debug|x86.Build.0 = Debug|Any CPU
		{8838F8A7-4F45-43CA-872F-8C4B67ABF7D3}.Release|Any CPU.ActiveCfg = Release|Any CPU
		{8838F8A7-4F45-43CA-872F-8C4B67ABF7D3}.Release|Any CPU.Build.0 = Release|Any CPU
		{8838F8A7-4F45-43CA-872F-8C4B67ABF7D3}.Release|x64.ActiveCfg = Release|Any CPU
		{8838F8A7-4F45-43CA-872F-8C4B67ABF7D3}.Release|x64.Build.0 = Release|Any CPU
		{8838F8A7-4F45-43CA-872F-8C4B67ABF7D3}.Release|x86.ActiveCfg = Release|Any CPU
		{8838F8A7-4F45-43CA-872F-8C4B67ABF7D3}.Release|x86.Build.0 = Release|Any CPU
		{E807A56F-5C49-4474-B4D8-1F60FCBA1056}.Debug|Any CPU.ActiveCfg = Debug|Any CPU
		{E807A56F-5C49-4474-B4D8-1F60FCBA1056}.Debug|Any CPU.Build.0 = Debug|Any CPU
		{E807A56F-5C49-4474-B4D8-1F60FCBA1056}.Debug|x64.ActiveCfg = Debug|Any CPU
		{E807A56F-5C49-4474-B4D8-1F60FCBA1056}.Debug|x64.Build.0 = Debug|Any CPU
		{E807A56F-5C49-4474-B4D8-1F60FCBA1056}.Debug|x86.ActiveCfg = Debug|Any CPU
		{E807A56F-5C49-4474-B4D8-1F60FCBA1056}.Debug|x86.Build.0 = Debug|Any CPU
		{E807A56F-5C49-4474-B4D8-1F60FCBA1056}.Release|Any CPU.ActiveCfg = Release|Any CPU
		{E807A56F-5C49-4474-B4D8-1F60FCBA1056}.Release|Any CPU.Build.0 = Release|Any CPU
		{E807A56F-5C49-4474-B4D8-1F60FCBA1056}.Release|x64.ActiveCfg = Release|Any CPU
		{E807A56F-5C49-4474-B4D8-1F60FCBA1056}.Release|x64.Build.0 = Release|Any CPU
		{E807A56F-5C49-4474-B4D8-1F60FCBA1056}.Release|x86.ActiveCfg = Release|Any CPU
		{E807A56F-5C49-4474-B4D8-1F60FCBA1056}.Release|x86.Build.0 = Release|Any CPU
		{9CE8FF92-DF17-4F94-AA3C-BD9330248DD0}.Debug|Any CPU.ActiveCfg = Debug|Any CPU
		{9CE8FF92-DF17-4F94-AA3C-BD9330248DD0}.Debug|Any CPU.Build.0 = Debug|Any CPU
		{9CE8FF92-DF17-4F94-AA3C-BD9330248DD0}.Debug|x64.ActiveCfg = Debug|Any CPU
		{9CE8FF92-DF17-4F94-AA3C-BD9330248DD0}.Debug|x64.Build.0 = Debug|Any CPU
		{9CE8FF92-DF17-4F94-AA3C-BD9330248DD0}.Debug|x86.ActiveCfg = Debug|Any CPU
		{9CE8FF92-DF17-4F94-AA3C-BD9330248DD0}.Debug|x86.Build.0 = Debug|Any CPU
		{9CE8FF92-DF17-4F94-AA3C-BD9330248DD0}.Release|Any CPU.ActiveCfg = Release|Any CPU
		{9CE8FF92-DF17-4F94-AA3C-BD9330248DD0}.Release|Any CPU.Build.0 = Release|Any CPU
		{9CE8FF92-DF17-4F94-AA3C-BD9330248DD0}.Release|x64.ActiveCfg = Release|Any CPU
		{9CE8FF92-DF17-4F94-AA3C-BD9330248DD0}.Release|x64.Build.0 = Release|Any CPU
		{9CE8FF92-DF17-4F94-AA3C-BD9330248DD0}.Release|x86.ActiveCfg = Release|Any CPU
		{9CE8FF92-DF17-4F94-AA3C-BD9330248DD0}.Release|x86.Build.0 = Release|Any CPU
		{882EA777-2A59-4F5E-BE4C-E5510110407A}.Debug|Any CPU.ActiveCfg = Debug|Any CPU
		{882EA777-2A59-4F5E-BE4C-E5510110407A}.Debug|Any CPU.Build.0 = Debug|Any CPU
		{882EA777-2A59-4F5E-BE4C-E5510110407A}.Debug|x64.ActiveCfg = Debug|Any CPU
		{882EA777-2A59-4F5E-BE4C-E5510110407A}.Debug|x64.Build.0 = Debug|Any CPU
		{882EA777-2A59-4F5E-BE4C-E5510110407A}.Debug|x86.ActiveCfg = Debug|Any CPU
		{882EA777-2A59-4F5E-BE4C-E5510110407A}.Debug|x86.Build.0 = Debug|Any CPU
		{882EA777-2A59-4F5E-BE4C-E5510110407A}.Release|Any CPU.ActiveCfg = Release|Any CPU
		{882EA777-2A59-4F5E-BE4C-E5510110407A}.Release|Any CPU.Build.0 = Release|Any CPU
		{882EA777-2A59-4F5E-BE4C-E5510110407A}.Release|x64.ActiveCfg = Release|Any CPU
		{882EA777-2A59-4F5E-BE4C-E5510110407A}.Release|x64.Build.0 = Release|Any CPU
		{882EA777-2A59-4F5E-BE4C-E5510110407A}.Release|x86.ActiveCfg = Release|Any CPU
		{882EA777-2A59-4F5E-BE4C-E5510110407A}.Release|x86.Build.0 = Release|Any CPU
		{4F2D0EF2-690F-4ED0-A4C4-B1430AAB30EE}.Debug|Any CPU.ActiveCfg = Debug|Any CPU
		{4F2D0EF2-690F-4ED0-A4C4-B1430AAB30EE}.Debug|Any CPU.Build.0 = Debug|Any CPU
		{4F2D0EF2-690F-4ED0-A4C4-B1430AAB30EE}.Debug|x64.ActiveCfg = Debug|Any CPU
		{4F2D0EF2-690F-4ED0-A4C4-B1430AAB30EE}.Debug|x64.Build.0 = Debug|Any CPU
		{4F2D0EF2-690F-4ED0-A4C4-B1430AAB30EE}.Debug|x86.ActiveCfg = Debug|Any CPU
		{4F2D0EF2-690F-4ED0-A4C4-B1430AAB30EE}.Debug|x86.Build.0 = Debug|Any CPU
		{4F2D0EF2-690F-4ED0-A4C4-B1430AAB30EE}.Release|Any CPU.ActiveCfg = Release|Any CPU
		{4F2D0EF2-690F-4ED0-A4C4-B1430AAB30EE}.Release|Any CPU.Build.0 = Release|Any CPU
		{4F2D0EF2-690F-4ED0-A4C4-B1430AAB30EE}.Release|x64.ActiveCfg = Release|Any CPU
		{4F2D0EF2-690F-4ED0-A4C4-B1430AAB30EE}.Release|x64.Build.0 = Release|Any CPU
		{4F2D0EF2-690F-4ED0-A4C4-B1430AAB30EE}.Release|x86.ActiveCfg = Release|Any CPU
		{4F2D0EF2-690F-4ED0-A4C4-B1430AAB30EE}.Release|x86.Build.0 = Release|Any CPU
		{68E5A2DF-F9F7-4035-AC85-1C500E7FB89F}.Debug|Any CPU.ActiveCfg = Debug|Any CPU
		{68E5A2DF-F9F7-4035-AC85-1C500E7FB89F}.Debug|Any CPU.Build.0 = Debug|Any CPU
		{68E5A2DF-F9F7-4035-AC85-1C500E7FB89F}.Debug|x64.ActiveCfg = Debug|Any CPU
		{68E5A2DF-F9F7-4035-AC85-1C500E7FB89F}.Debug|x64.Build.0 = Debug|Any CPU
		{68E5A2DF-F9F7-4035-AC85-1C500E7FB89F}.Debug|x86.ActiveCfg = Debug|Any CPU
		{68E5A2DF-F9F7-4035-AC85-1C500E7FB89F}.Debug|x86.Build.0 = Debug|Any CPU
		{68E5A2DF-F9F7-4035-AC85-1C500E7FB89F}.Release|Any CPU.ActiveCfg = Release|Any CPU
		{68E5A2DF-F9F7-4035-AC85-1C500E7FB89F}.Release|Any CPU.Build.0 = Release|Any CPU
		{68E5A2DF-F9F7-4035-AC85-1C500E7FB89F}.Release|x64.ActiveCfg = Release|Any CPU
		{68E5A2DF-F9F7-4035-AC85-1C500E7FB89F}.Release|x64.Build.0 = Release|Any CPU
		{68E5A2DF-F9F7-4035-AC85-1C500E7FB89F}.Release|x86.ActiveCfg = Release|Any CPU
		{68E5A2DF-F9F7-4035-AC85-1C500E7FB89F}.Release|x86.Build.0 = Release|Any CPU
		{0919419D-4BF1-4EA6-B4F8-6C01F5E08236}.Debug|Any CPU.ActiveCfg = Debug|Any CPU
		{0919419D-4BF1-4EA6-B4F8-6C01F5E08236}.Debug|Any CPU.Build.0 = Debug|Any CPU
		{0919419D-4BF1-4EA6-B4F8-6C01F5E08236}.Debug|x64.ActiveCfg = Debug|Any CPU
		{0919419D-4BF1-4EA6-B4F8-6C01F5E08236}.Debug|x64.Build.0 = Debug|Any CPU
		{0919419D-4BF1-4EA6-B4F8-6C01F5E08236}.Debug|x86.ActiveCfg = Debug|Any CPU
		{0919419D-4BF1-4EA6-B4F8-6C01F5E08236}.Debug|x86.Build.0 = Debug|Any CPU
		{0919419D-4BF1-4EA6-B4F8-6C01F5E08236}.Release|Any CPU.ActiveCfg = Release|Any CPU
		{0919419D-4BF1-4EA6-B4F8-6C01F5E08236}.Release|Any CPU.Build.0 = Release|Any CPU
		{0919419D-4BF1-4EA6-B4F8-6C01F5E08236}.Release|x64.ActiveCfg = Release|Any CPU
		{0919419D-4BF1-4EA6-B4F8-6C01F5E08236}.Release|x64.Build.0 = Release|Any CPU
		{0919419D-4BF1-4EA6-B4F8-6C01F5E08236}.Release|x86.ActiveCfg = Release|Any CPU
		{0919419D-4BF1-4EA6-B4F8-6C01F5E08236}.Release|x86.Build.0 = Release|Any CPU
		{429F221F-39D0-409F-9177-FBCC7F17F232}.Debug|Any CPU.ActiveCfg = Debug|Any CPU
		{429F221F-39D0-409F-9177-FBCC7F17F232}.Debug|Any CPU.Build.0 = Debug|Any CPU
		{429F221F-39D0-409F-9177-FBCC7F17F232}.Debug|x64.ActiveCfg = Debug|Any CPU
		{429F221F-39D0-409F-9177-FBCC7F17F232}.Debug|x64.Build.0 = Debug|Any CPU
		{429F221F-39D0-409F-9177-FBCC7F17F232}.Debug|x86.ActiveCfg = Debug|Any CPU
		{429F221F-39D0-409F-9177-FBCC7F17F232}.Debug|x86.Build.0 = Debug|Any CPU
		{429F221F-39D0-409F-9177-FBCC7F17F232}.Release|Any CPU.ActiveCfg = Release|Any CPU
		{429F221F-39D0-409F-9177-FBCC7F17F232}.Release|Any CPU.Build.0 = Release|Any CPU
		{429F221F-39D0-409F-9177-FBCC7F17F232}.Release|x64.ActiveCfg = Release|Any CPU
		{429F221F-39D0-409F-9177-FBCC7F17F232}.Release|x64.Build.0 = Release|Any CPU
		{429F221F-39D0-409F-9177-FBCC7F17F232}.Release|x86.ActiveCfg = Release|Any CPU
		{429F221F-39D0-409F-9177-FBCC7F17F232}.Release|x86.Build.0 = Release|Any CPU
		{CDA0C43E-3DB9-402F-AC73-60EC786326DA}.Debug|Any CPU.ActiveCfg = Debug|Any CPU
		{CDA0C43E-3DB9-402F-AC73-60EC786326DA}.Debug|Any CPU.Build.0 = Debug|Any CPU
		{CDA0C43E-3DB9-402F-AC73-60EC786326DA}.Debug|x64.ActiveCfg = Debug|Any CPU
		{CDA0C43E-3DB9-402F-AC73-60EC786326DA}.Debug|x64.Build.0 = Debug|Any CPU
		{CDA0C43E-3DB9-402F-AC73-60EC786326DA}.Debug|x86.ActiveCfg = Debug|Any CPU
		{CDA0C43E-3DB9-402F-AC73-60EC786326DA}.Debug|x86.Build.0 = Debug|Any CPU
		{CDA0C43E-3DB9-402F-AC73-60EC786326DA}.Release|Any CPU.ActiveCfg = Release|Any CPU
		{CDA0C43E-3DB9-402F-AC73-60EC786326DA}.Release|Any CPU.Build.0 = Release|Any CPU
		{CDA0C43E-3DB9-402F-AC73-60EC786326DA}.Release|x64.ActiveCfg = Release|Any CPU
		{CDA0C43E-3DB9-402F-AC73-60EC786326DA}.Release|x64.Build.0 = Release|Any CPU
		{CDA0C43E-3DB9-402F-AC73-60EC786326DA}.Release|x86.ActiveCfg = Release|Any CPU
		{CDA0C43E-3DB9-402F-AC73-60EC786326DA}.Release|x86.Build.0 = Release|Any CPU
	EndGlobalSection
	GlobalSection(SolutionProperties) = preSolution
		HideSolutionNode = FALSE
	EndGlobalSection
	GlobalSection(NestedProjects) = preSolution
		{8838F8A7-4F45-43CA-872F-8C4B67ABF7D3} = {827E0CD3-B72D-47B6-A68D-7590B98EB39B}
		{90298CBA-BD6F-3A0A-69D5-97CAD7B05E7E} = {827E0CD3-B72D-47B6-A68D-7590B98EB39B}
		{29198B4F-BA60-D483-6723-7BD064451595} = {90298CBA-BD6F-3A0A-69D5-97CAD7B05E7E}
		{E807A56F-5C49-4474-B4D8-1F60FCBA1056} = {29198B4F-BA60-D483-6723-7BD064451595}
		{6A36946C-4F06-BE70-24E6-0B0F125A7F9F} = {90298CBA-BD6F-3A0A-69D5-97CAD7B05E7E}
		{9CE8FF92-DF17-4F94-AA3C-BD9330248DD0} = {6A36946C-4F06-BE70-24E6-0B0F125A7F9F}
		{A7446B4C-3630-9B3B-F288-1F78CD1B2B87} = {90298CBA-BD6F-3A0A-69D5-97CAD7B05E7E}
		{882EA777-2A59-4F5E-BE4C-E5510110407A} = {A7446B4C-3630-9B3B-F288-1F78CD1B2B87}
		{4F2D0EF2-690F-4ED0-A4C4-B1430AAB30EE} = {827E0CD3-B72D-47B6-A68D-7590B98EB39B}
		{68E5A2DF-F9F7-4035-AC85-1C500E7FB89F} = {827E0CD3-B72D-47B6-A68D-7590B98EB39B}
		{0919419D-4BF1-4EA6-B4F8-6C01F5E08236} = {827E0CD3-B72D-47B6-A68D-7590B98EB39B}
		{429F221F-39D0-409F-9177-FBCC7F17F232} = {827E0CD3-B72D-47B6-A68D-7590B98EB39B}
		{EC447DCF-ABFA-6E24-52A5-D7FD48A5C558} = {827E0CD3-B72D-47B6-A68D-7590B98EB39B}
		{E9D55F35-C373-3DD8-6914-3213F2F582A2} = {EC447DCF-ABFA-6E24-52A5-D7FD48A5C558}
		{CDA0C43E-3DB9-402F-AC73-60EC786326DA} = {E9D55F35-C373-3DD8-6914-3213F2F582A2}
	EndGlobalSection
EndGlobal
